// !$*UTF8*$!
{
	archiveVersion = 1;
	classes = {
	};
	objectVersion = 56;
	objects = {

/* Begin PBXBuildFile section */
		6C9BAD162A5E3C0800309C20 /* SSAFSoundApp.swift in Sources */ = {isa = PBXBuildFile; fileRef = 6C9BAD152A5E3C0800309C20 /* SSAFSoundApp.swift */; };
		6C9BAD1A2A5E3C0900309C20 /* Assets.xcassets in Resources */ = {isa = PBXBuildFile; fileRef = 6C9BAD192A5E3C0900309C20 /* Assets.xcassets */; };
		6C9BAD1D2A5E3C0900309C20 /* Preview Assets.xcassets in Resources */ = {isa = PBXBuildFile; fileRef = 6C9BAD1C2A5E3C0900309C20 /* Preview Assets.xcassets */; };
		7F6DE3492A6404F300ADE1E3 /* BackButtonView.swift in Sources */ = {isa = PBXBuildFile; fileRef = 7F6DE3482A6404F300ADE1E3 /* BackButtonView.swift */; };
		7F6DE34D2A6405D300ADE1E3 /* Extesnsion+Size.swift in Sources */ = {isa = PBXBuildFile; fileRef = 7F6DE34C2A6405D300ADE1E3 /* Extesnsion+Size.swift */; };
		7F6DE34F2A64063A00ADE1E3 /* XmarkButtonView.swift in Sources */ = {isa = PBXBuildFile; fileRef = 7F6DE34E2A64063A00ADE1E3 /* XmarkButtonView.swift */; };
		7F6DE3512A6408D500ADE1E3 /* RecruitView.swift in Sources */ = {isa = PBXBuildFile; fileRef = 7F6DE3502A6408D500ADE1E3 /* RecruitView.swift */; };
		7F73E6302A668F650042A227 /* ImageAssets.xcassets in Resources */ = {isa = PBXBuildFile; fileRef = 7F73E62F2A668F650042A227 /* ImageAssets.xcassets */; };
		7F73E6332A6693980042A227 /* RecruitStudyType.swift in Sources */ = {isa = PBXBuildFile; fileRef = 7F73E6322A6693980042A227 /* RecruitStudyType.swift */; };
		7F73E6362A6696420042A227 /* RecuritCustomToggle.swift in Sources */ = {isa = PBXBuildFile; fileRef = 7F73E6352A6696420042A227 /* RecuritCustomToggle.swift */; };
		7FB36BFD2A6264DF00A3DB20 /* Manrope-Bold.ttf in Resources */ = {isa = PBXBuildFile; fileRef = 7FB36BF62A6264DF00A3DB20 /* Manrope-Bold.ttf */; };
		7FB36BFE2A6264DF00A3DB20 /* Manrope-Regular.ttf in Resources */ = {isa = PBXBuildFile; fileRef = 7FB36BF72A6264DF00A3DB20 /* Manrope-Regular.ttf */; };
		7FB36BFF2A6264DF00A3DB20 /* Manrope-ExtraLight.ttf in Resources */ = {isa = PBXBuildFile; fileRef = 7FB36BF82A6264DF00A3DB20 /* Manrope-ExtraLight.ttf */; };
		7FB36C002A6264DF00A3DB20 /* Manrope-SemiBold.ttf in Resources */ = {isa = PBXBuildFile; fileRef = 7FB36BF92A6264DF00A3DB20 /* Manrope-SemiBold.ttf */; };
		7FB36C012A6264DF00A3DB20 /* Manrope-ExtraBold.ttf in Resources */ = {isa = PBXBuildFile; fileRef = 7FB36BFA2A6264DF00A3DB20 /* Manrope-ExtraBold.ttf */; };
		7FB36C022A6264DF00A3DB20 /* Manrope-Light.ttf in Resources */ = {isa = PBXBuildFile; fileRef = 7FB36BFB2A6264DF00A3DB20 /* Manrope-Light.ttf */; };
		7FB36C032A6264DF00A3DB20 /* Manrope-Medium.ttf in Resources */ = {isa = PBXBuildFile; fileRef = 7FB36BFC2A6264DF00A3DB20 /* Manrope-Medium.ttf */; };
		7FB87BD22A6027910035AA68 /* SSAFSoundTests.swift in Sources */ = {isa = PBXBuildFile; fileRef = 7FB87BD12A6027910035AA68 /* SSAFSoundTests.swift */; };
		7FB87BDC2A6027F00035AA68 /* NukeUI in Frameworks */ = {isa = PBXBuildFile; productRef = 7FB87BDB2A6027F00035AA68 /* NukeUI */; };
		7FB87BE22A602EA80035AA68 /* PopupView in Frameworks */ = {isa = PBXBuildFile; productRef = 7FB87BE12A602EA80035AA68 /* PopupView */; };
		7FB87BE52A602EFC0035AA68 /* CombineMoya in Frameworks */ = {isa = PBXBuildFile; productRef = 7FB87BE42A602EFC0035AA68 /* CombineMoya */; };
		7FB87BE72A602EFC0035AA68 /* Moya in Frameworks */ = {isa = PBXBuildFile; productRef = 7FB87BE62A602EFC0035AA68 /* Moya */; };
		7FB87BEC2A602F8B0035AA68 /* APIManger.swift in Sources */ = {isa = PBXBuildFile; fileRef = 7FB87BEB2A602F8B0035AA68 /* APIManger.swift */; };
		7FB87BEE2A6034780035AA68 /* Config.swift in Sources */ = {isa = PBXBuildFile; fileRef = 7FB87BED2A6034780035AA68 /* Config.swift */; };
		7FB87BF12A6034D10035AA68 /* APIHeaderManger.swift in Sources */ = {isa = PBXBuildFile; fileRef = 7FB87BF02A6034D10035AA68 /* APIHeaderManger.swift */; };
		7FB87BF42A6034F60035AA68 /* NetworkCode.swift in Sources */ = {isa = PBXBuildFile; fileRef = 7FB87BF32A6034F60035AA68 /* NetworkCode.swift */; };
		7FB87BF62A6035130035AA68 /* SSAFSoundAPI.swift in Sources */ = {isa = PBXBuildFile; fileRef = 7FB87BF52A6035130035AA68 /* SSAFSoundAPI.swift */; };
		7FB87BFC2A6036E50035AA68 /* TabItemViews.swift in Sources */ = {isa = PBXBuildFile; fileRef = 7FB87BFB2A6036E50035AA68 /* TabItemViews.swift */; };
		7FB87BFF2A60375A0035AA68 /* Image+Extension.swift in Sources */ = {isa = PBXBuildFile; fileRef = 7FB87BFE2A60375A0035AA68 /* Image+Extension.swift */; };
		7FDAAE502A69640B00713BE4 /* HomeView.swift in Sources */ = {isa = PBXBuildFile; fileRef = 7FDAAE4F2A69640B00713BE4 /* HomeView.swift */; };
		7FDAAE532A69641B00713BE4 /* ProfleView.swift in Sources */ = {isa = PBXBuildFile; fileRef = 7FDAAE522A69641B00713BE4 /* ProfleView.swift */; };
		7FDAAE582A6965BD00713BE4 /* BoardView.swift in Sources */ = {isa = PBXBuildFile; fileRef = 7FDAAE542A6965BC00713BE4 /* BoardView.swift */; };
		7FDAAE592A6965BD00713BE4 /* HotBoardView.swift in Sources */ = {isa = PBXBuildFile; fileRef = 7FDAAE552A6965BC00713BE4 /* HotBoardView.swift */; };
		7FDAAE5A2A6965BD00713BE4 /* SelectedBoardView.swift in Sources */ = {isa = PBXBuildFile; fileRef = 7FDAAE562A6965BD00713BE4 /* SelectedBoardView.swift */; };
		7FDAAE5B2A6965BD00713BE4 /* PostView.swift in Sources */ = {isa = PBXBuildFile; fileRef = 7FDAAE572A6965BD00713BE4 /* PostView.swift */; };
		7FDAAE602A69660E00713BE4 /* HotBoardItemView.swift in Sources */ = {isa = PBXBuildFile; fileRef = 7FDAAE5C2A69660E00713BE4 /* HotBoardItemView.swift */; };
		7FDAAE612A69660E00713BE4 /* FloatingButton.swift in Sources */ = {isa = PBXBuildFile; fileRef = 7FDAAE5D2A69660E00713BE4 /* FloatingButton.swift */; };
		7FDAAE622A69660E00713BE4 /* BoardInteractionStats.swift in Sources */ = {isa = PBXBuildFile; fileRef = 7FDAAE5E2A69660E00713BE4 /* BoardInteractionStats.swift */; };
		7FDAAE632A69660E00713BE4 /* SelectedBoardItem.swift in Sources */ = {isa = PBXBuildFile; fileRef = 7FDAAE5F2A69660E00713BE4 /* SelectedBoardItem.swift */; };
		7FDAAE682A69663100713BE4 /* PostContentItem.swift in Sources */ = {isa = PBXBuildFile; fileRef = 7FDAAE652A69663100713BE4 /* PostContentItem.swift */; };
		7FDAAE692A69663100713BE4 /* PostCommentItem.swift in Sources */ = {isa = PBXBuildFile; fileRef = 7FDAAE662A69663100713BE4 /* PostCommentItem.swift */; };
		7FDAAE6A2A69663100713BE4 /* PostTextInputItem.swift in Sources */ = {isa = PBXBuildFile; fileRef = 7FDAAE672A69663100713BE4 /* PostTextInputItem.swift */; };
		7FF4FABF2A6037F6007BF344 /* ImageAsset.swift in Sources */ = {isa = PBXBuildFile; fileRef = 7FF4FABE2A6037F6007BF344 /* ImageAsset.swift */; };
		7FF4FAC22A6038D3007BF344 /* ColorAsset.swift in Sources */ = {isa = PBXBuildFile; fileRef = 7FF4FAC12A6038D3007BF344 /* ColorAsset.swift */; };
		7FF4FAC42A6038F2007BF344 /* Extension+Color.swift in Sources */ = {isa = PBXBuildFile; fileRef = 7FF4FAC32A6038F2007BF344 /* Extension+Color.swift */; };
		7FF4FAC72A603A4E007BF344 /* MainTabView.swift in Sources */ = {isa = PBXBuildFile; fileRef = 7FF4FAC62A603A4E007BF344 /* MainTabView.swift */; };
		7FF4FADA2A603CC1007BF344 /* ManropeFont.swift in Sources */ = {isa = PBXBuildFile; fileRef = 7FF4FAD92A603CC1007BF344 /* ManropeFont.swift */; };
		7FF4FADF2A603E99007BF344 /* MainTabViewModel.swift in Sources */ = {isa = PBXBuildFile; fileRef = 7FF4FADE2A603E99007BF344 /* MainTabViewModel.swift */; };
		7FF4FAE12A603FDF007BF344 /* TabType.swift in Sources */ = {isa = PBXBuildFile; fileRef = 7FF4FAE02A603FDF007BF344 /* TabType.swift */; };
		7FFBC8942A6B80D5009B7587 /*  RecruitProjecView.swift in Sources */ = {isa = PBXBuildFile; fileRef = 7FFBC8932A6B80D5009B7587 /*  RecruitProjecView.swift */; };
		7FFBC8962A6B80E5009B7587 /* RecruitStudyView.swift in Sources */ = {isa = PBXBuildFile; fileRef = 7FFBC8952A6B80E5009B7587 /* RecruitStudyView.swift */; };
		8670115C2A6ECA6900336BE6 /* SearchView.swift in Sources */ = {isa = PBXBuildFile; fileRef = 8670115B2A6ECA6900336BE6 /* SearchView.swift */; };
		867557012A6D53FB00C0173E /* PostInteractionStats.swift in Sources */ = {isa = PBXBuildFile; fileRef = 867557002A6D53FB00C0173E /* PostInteractionStats.swift */; };
		8683249B2A6268B6001C4586 /* ColorAssets.xcassets in Resources */ = {isa = PBXBuildFile; fileRef = 8683249A2A6268B6001C4586 /* ColorAssets.xcassets */; };
		869ACF442A62AD2200356DFE /* BoardItemView.swift in Sources */ = {isa = PBXBuildFile; fileRef = 869ACF432A62AD2200356DFE /* BoardItemView.swift */; };
/* End PBXBuildFile section */

/* Begin PBXContainerItemProxy section */
		7FB87BD32A6027910035AA68 /* PBXContainerItemProxy */ = {
			isa = PBXContainerItemProxy;
			containerPortal = 6C9BAD0A2A5E3C0800309C20 /* Project object */;
			proxyType = 1;
			remoteGlobalIDString = 6C9BAD112A5E3C0800309C20;
			remoteInfo = SSAFSound;
		};
/* End PBXContainerItemProxy section */

/* Begin PBXFileReference section */
		6C9BAD122A5E3C0800309C20 /* SSAFSound.app */ = {isa = PBXFileReference; explicitFileType = wrapper.application; includeInIndex = 0; path = SSAFSound.app; sourceTree = BUILT_PRODUCTS_DIR; };
		6C9BAD152A5E3C0800309C20 /* SSAFSoundApp.swift */ = {isa = PBXFileReference; lastKnownFileType = sourcecode.swift; path = SSAFSoundApp.swift; sourceTree = "<group>"; };
		6C9BAD192A5E3C0900309C20 /* Assets.xcassets */ = {isa = PBXFileReference; lastKnownFileType = folder.assetcatalog; path = Assets.xcassets; sourceTree = "<group>"; };
		6C9BAD1C2A5E3C0900309C20 /* Preview Assets.xcassets */ = {isa = PBXFileReference; lastKnownFileType = folder.assetcatalog; path = "Preview Assets.xcassets"; sourceTree = "<group>"; };
		7F6DE3482A6404F300ADE1E3 /* BackButtonView.swift */ = {isa = PBXFileReference; lastKnownFileType = sourcecode.swift; path = BackButtonView.swift; sourceTree = "<group>"; };
		7F6DE34C2A6405D300ADE1E3 /* Extesnsion+Size.swift */ = {isa = PBXFileReference; lastKnownFileType = sourcecode.swift; path = "Extesnsion+Size.swift"; sourceTree = "<group>"; };
		7F6DE34E2A64063A00ADE1E3 /* XmarkButtonView.swift */ = {isa = PBXFileReference; lastKnownFileType = sourcecode.swift; path = XmarkButtonView.swift; sourceTree = "<group>"; };
		7F6DE3502A6408D500ADE1E3 /* RecruitView.swift */ = {isa = PBXFileReference; lastKnownFileType = sourcecode.swift; path = RecruitView.swift; sourceTree = "<group>"; };
		7F73E62F2A668F650042A227 /* ImageAssets.xcassets */ = {isa = PBXFileReference; lastKnownFileType = folder.assetcatalog; path = ImageAssets.xcassets; sourceTree = "<group>"; };
		7F73E6322A6693980042A227 /* RecruitStudyType.swift */ = {isa = PBXFileReference; lastKnownFileType = sourcecode.swift; path = RecruitStudyType.swift; sourceTree = "<group>"; };
		7F73E6352A6696420042A227 /* RecuritCustomToggle.swift */ = {isa = PBXFileReference; lastKnownFileType = sourcecode.swift; path = RecuritCustomToggle.swift; sourceTree = "<group>"; };
		7FB36BF62A6264DF00A3DB20 /* Manrope-Bold.ttf */ = {isa = PBXFileReference; lastKnownFileType = file; path = "Manrope-Bold.ttf"; sourceTree = "<group>"; };
		7FB36BF72A6264DF00A3DB20 /* Manrope-Regular.ttf */ = {isa = PBXFileReference; lastKnownFileType = file; path = "Manrope-Regular.ttf"; sourceTree = "<group>"; };
		7FB36BF82A6264DF00A3DB20 /* Manrope-ExtraLight.ttf */ = {isa = PBXFileReference; lastKnownFileType = file; path = "Manrope-ExtraLight.ttf"; sourceTree = "<group>"; };
		7FB36BF92A6264DF00A3DB20 /* Manrope-SemiBold.ttf */ = {isa = PBXFileReference; lastKnownFileType = file; path = "Manrope-SemiBold.ttf"; sourceTree = "<group>"; };
		7FB36BFA2A6264DF00A3DB20 /* Manrope-ExtraBold.ttf */ = {isa = PBXFileReference; lastKnownFileType = file; path = "Manrope-ExtraBold.ttf"; sourceTree = "<group>"; };
		7FB36BFB2A6264DF00A3DB20 /* Manrope-Light.ttf */ = {isa = PBXFileReference; lastKnownFileType = file; path = "Manrope-Light.ttf"; sourceTree = "<group>"; };
		7FB36BFC2A6264DF00A3DB20 /* Manrope-Medium.ttf */ = {isa = PBXFileReference; lastKnownFileType = file; path = "Manrope-Medium.ttf"; sourceTree = "<group>"; };
		7FB87BCF2A6027910035AA68 /* SSAFSoundTests.xctest */ = {isa = PBXFileReference; explicitFileType = wrapper.cfbundle; includeInIndex = 0; path = SSAFSoundTests.xctest; sourceTree = BUILT_PRODUCTS_DIR; };
		7FB87BD12A6027910035AA68 /* SSAFSoundTests.swift */ = {isa = PBXFileReference; lastKnownFileType = sourcecode.swift; path = SSAFSoundTests.swift; sourceTree = "<group>"; };
		7FB87BEB2A602F8B0035AA68 /* APIManger.swift */ = {isa = PBXFileReference; lastKnownFileType = sourcecode.swift; path = APIManger.swift; sourceTree = "<group>"; };
		7FB87BED2A6034780035AA68 /* Config.swift */ = {isa = PBXFileReference; lastKnownFileType = sourcecode.swift; path = Config.swift; sourceTree = "<group>"; };
		7FB87BF02A6034D10035AA68 /* APIHeaderManger.swift */ = {isa = PBXFileReference; lastKnownFileType = sourcecode.swift; path = APIHeaderManger.swift; sourceTree = "<group>"; };
		7FB87BF32A6034F60035AA68 /* NetworkCode.swift */ = {isa = PBXFileReference; lastKnownFileType = sourcecode.swift; path = NetworkCode.swift; sourceTree = "<group>"; };
		7FB87BF52A6035130035AA68 /* SSAFSoundAPI.swift */ = {isa = PBXFileReference; lastKnownFileType = sourcecode.swift; path = SSAFSoundAPI.swift; sourceTree = "<group>"; };
		7FB87BFB2A6036E50035AA68 /* TabItemViews.swift */ = {isa = PBXFileReference; lastKnownFileType = sourcecode.swift; path = TabItemViews.swift; sourceTree = "<group>"; };
		7FB87BFE2A60375A0035AA68 /* Image+Extension.swift */ = {isa = PBXFileReference; lastKnownFileType = sourcecode.swift; path = "Image+Extension.swift"; sourceTree = "<group>"; };
		7FDAAE4F2A69640B00713BE4 /* HomeView.swift */ = {isa = PBXFileReference; lastKnownFileType = sourcecode.swift; path = HomeView.swift; sourceTree = "<group>"; };
		7FDAAE522A69641B00713BE4 /* ProfleView.swift */ = {isa = PBXFileReference; lastKnownFileType = sourcecode.swift; path = ProfleView.swift; sourceTree = "<group>"; };
		7FDAAE542A6965BC00713BE4 /* BoardView.swift */ = {isa = PBXFileReference; fileEncoding = 4; lastKnownFileType = sourcecode.swift; path = BoardView.swift; sourceTree = "<group>"; };
		7FDAAE552A6965BC00713BE4 /* HotBoardView.swift */ = {isa = PBXFileReference; fileEncoding = 4; lastKnownFileType = sourcecode.swift; path = HotBoardView.swift; sourceTree = "<group>"; };
		7FDAAE562A6965BD00713BE4 /* SelectedBoardView.swift */ = {isa = PBXFileReference; fileEncoding = 4; lastKnownFileType = sourcecode.swift; path = SelectedBoardView.swift; sourceTree = "<group>"; };
		7FDAAE572A6965BD00713BE4 /* PostView.swift */ = {isa = PBXFileReference; fileEncoding = 4; lastKnownFileType = sourcecode.swift; path = PostView.swift; sourceTree = "<group>"; };
		7FDAAE5C2A69660E00713BE4 /* HotBoardItemView.swift */ = {isa = PBXFileReference; fileEncoding = 4; lastKnownFileType = sourcecode.swift; path = HotBoardItemView.swift; sourceTree = "<group>"; };
		7FDAAE5D2A69660E00713BE4 /* FloatingButton.swift */ = {isa = PBXFileReference; fileEncoding = 4; lastKnownFileType = sourcecode.swift; path = FloatingButton.swift; sourceTree = "<group>"; };
		7FDAAE5E2A69660E00713BE4 /* BoardInteractionStats.swift */ = {isa = PBXFileReference; fileEncoding = 4; lastKnownFileType = sourcecode.swift; path = BoardInteractionStats.swift; sourceTree = "<group>"; };
		7FDAAE5F2A69660E00713BE4 /* SelectedBoardItem.swift */ = {isa = PBXFileReference; fileEncoding = 4; lastKnownFileType = sourcecode.swift; path = SelectedBoardItem.swift; sourceTree = "<group>"; };
		7FDAAE652A69663100713BE4 /* PostContentItem.swift */ = {isa = PBXFileReference; fileEncoding = 4; lastKnownFileType = sourcecode.swift; path = PostContentItem.swift; sourceTree = "<group>"; };
		7FDAAE662A69663100713BE4 /* PostCommentItem.swift */ = {isa = PBXFileReference; fileEncoding = 4; lastKnownFileType = sourcecode.swift; path = PostCommentItem.swift; sourceTree = "<group>"; };
		7FDAAE672A69663100713BE4 /* PostTextInputItem.swift */ = {isa = PBXFileReference; fileEncoding = 4; lastKnownFileType = sourcecode.swift; path = PostTextInputItem.swift; sourceTree = "<group>"; };
		7FF4FABE2A6037F6007BF344 /* ImageAsset.swift */ = {isa = PBXFileReference; lastKnownFileType = sourcecode.swift; path = ImageAsset.swift; sourceTree = "<group>"; };
		7FF4FAC12A6038D3007BF344 /* ColorAsset.swift */ = {isa = PBXFileReference; lastKnownFileType = sourcecode.swift; path = ColorAsset.swift; sourceTree = "<group>"; };
		7FF4FAC32A6038F2007BF344 /* Extension+Color.swift */ = {isa = PBXFileReference; lastKnownFileType = sourcecode.swift; path = "Extension+Color.swift"; sourceTree = "<group>"; };
		7FF4FAC62A603A4E007BF344 /* MainTabView.swift */ = {isa = PBXFileReference; lastKnownFileType = sourcecode.swift; path = MainTabView.swift; sourceTree = "<group>"; };
		7FF4FAD02A603B6E007BF344 /* Info.plist */ = {isa = PBXFileReference; lastKnownFileType = text.plist.xml; path = Info.plist; sourceTree = "<group>"; };
		7FF4FAD92A603CC1007BF344 /* ManropeFont.swift */ = {isa = PBXFileReference; lastKnownFileType = sourcecode.swift; path = ManropeFont.swift; sourceTree = "<group>"; };
		7FF4FADE2A603E99007BF344 /* MainTabViewModel.swift */ = {isa = PBXFileReference; lastKnownFileType = sourcecode.swift; path = MainTabViewModel.swift; sourceTree = "<group>"; };
		7FF4FAE02A603FDF007BF344 /* TabType.swift */ = {isa = PBXFileReference; lastKnownFileType = sourcecode.swift; path = TabType.swift; sourceTree = "<group>"; };
		7FFBC8932A6B80D5009B7587 /*  RecruitProjecView.swift */ = {isa = PBXFileReference; lastKnownFileType = sourcecode.swift; path = " RecruitProjecView.swift"; sourceTree = "<group>"; };
		7FFBC8952A6B80E5009B7587 /* RecruitStudyView.swift */ = {isa = PBXFileReference; lastKnownFileType = sourcecode.swift; path = RecruitStudyView.swift; sourceTree = "<group>"; };
		8670115B2A6ECA6900336BE6 /* SearchView.swift */ = {isa = PBXFileReference; lastKnownFileType = sourcecode.swift; path = SearchView.swift; sourceTree = "<group>"; };
		867557002A6D53FB00C0173E /* PostInteractionStats.swift */ = {isa = PBXFileReference; lastKnownFileType = sourcecode.swift; path = PostInteractionStats.swift; sourceTree = "<group>"; };
		8683249A2A6268B6001C4586 /* ColorAssets.xcassets */ = {isa = PBXFileReference; lastKnownFileType = folder.assetcatalog; path = ColorAssets.xcassets; sourceTree = "<group>"; };
		869ACF432A62AD2200356DFE /* BoardItemView.swift */ = {isa = PBXFileReference; lastKnownFileType = sourcecode.swift; path = BoardItemView.swift; sourceTree = "<group>"; };
/* End PBXFileReference section */

/* Begin PBXFrameworksBuildPhase section */
		6C9BAD0F2A5E3C0800309C20 /* Frameworks */ = {
			isa = PBXFrameworksBuildPhase;
			buildActionMask = 2147483647;
			files = (
				7FB87BE22A602EA80035AA68 /* PopupView in Frameworks */,
				7FB87BDC2A6027F00035AA68 /* NukeUI in Frameworks */,
				7FB87BE72A602EFC0035AA68 /* Moya in Frameworks */,
				7FB87BE52A602EFC0035AA68 /* CombineMoya in Frameworks */,
			);
			runOnlyForDeploymentPostprocessing = 0;
		};
		7FB87BCC2A6027910035AA68 /* Frameworks */ = {
			isa = PBXFrameworksBuildPhase;
			buildActionMask = 2147483647;
			files = (
			);
			runOnlyForDeploymentPostprocessing = 0;
		};
/* End PBXFrameworksBuildPhase section */

/* Begin PBXGroup section */
		6C9BAD092A5E3C0800309C20 = {
			isa = PBXGroup;
			children = (
				6C9BAD142A5E3C0800309C20 /* SSAFSound */,
				7FB87BD02A6027910035AA68 /* SSAFSoundTests */,
				6C9BAD132A5E3C0800309C20 /* Products */,
			);
			sourceTree = "<group>";
		};
		6C9BAD132A5E3C0800309C20 /* Products */ = {
			isa = PBXGroup;
			children = (
				6C9BAD122A5E3C0800309C20 /* SSAFSound.app */,
				7FB87BCF2A6027910035AA68 /* SSAFSoundTests.xctest */,
			);
			name = Products;
			sourceTree = "<group>";
		};
		6C9BAD142A5E3C0800309C20 /* SSAFSound */ = {
			isa = PBXGroup;
			children = (
				7FF4FAD12A603B77007BF344 /* Support */,
				7FB87BC92A6026B70035AA68 /* Sources */,
				7FB87BC82A6026A90035AA68 /* Resources */,
			);
			path = SSAFSound;
			sourceTree = "<group>";
		};
		6C9BAD1B2A5E3C0900309C20 /* Preview Content */ = {
			isa = PBXGroup;
			children = (
				6C9BAD1C2A5E3C0900309C20 /* Preview Assets.xcassets */,
			);
			path = "Preview Content";
			sourceTree = "<group>";
		};
		7F6DE3462A6404A900ADE1E3 /* Recruit */ = {
			isa = PBXGroup;
			children = (
				7FFBC8922A6B8096009B7587 /* RecruitProjectView */,
				7FFBC8912A6B8092009B7587 /* RecruitStudyView */,
				7FDAAD892A66A38100713BE4 /* MainView */,
			);
			path = Recruit;
			sourceTree = "<group>";
		};
		7F6DE3472A6404D200ADE1E3 /* Button */ = {
			isa = PBXGroup;
			children = (
				7F6DE3482A6404F300ADE1E3 /* BackButtonView.swift */,
				7F6DE34E2A64063A00ADE1E3 /* XmarkButtonView.swift */,
			);
			path = Button;
			sourceTree = "<group>";
		};
		7F6DE34A2A6405B800ADE1E3 /* Extension */ = {
			isa = PBXGroup;
			children = (
				7F6DE34B2A6405C100ADE1E3 /* Size */,
			);
			path = Extension;
			sourceTree = "<group>";
		};
		7F6DE34B2A6405C100ADE1E3 /* Size */ = {
			isa = PBXGroup;
			children = (
				7F6DE34C2A6405D300ADE1E3 /* Extesnsion+Size.swift */,
			);
			path = Size;
			sourceTree = "<group>";
		};
		7F73E6312A6693810042A227 /* Type */ = {
			isa = PBXGroup;
			children = (
				7F73E6322A6693980042A227 /* RecruitStudyType.swift */,
			);
			path = Type;
			sourceTree = "<group>";
		};
		7F73E6342A6696280042A227 /* Toggle */ = {
			isa = PBXGroup;
			children = (
				7F73E6352A6696420042A227 /* RecuritCustomToggle.swift */,
			);
			path = Toggle;
			sourceTree = "<group>";
		};
		7FB36BF52A6264CA00A3DB20 /* Font */ = {
			isa = PBXGroup;
			children = (
				7FB36BF62A6264DF00A3DB20 /* Manrope-Bold.ttf */,
				7FB36BFA2A6264DF00A3DB20 /* Manrope-ExtraBold.ttf */,
				7FB36BF82A6264DF00A3DB20 /* Manrope-ExtraLight.ttf */,
				7FB36BFB2A6264DF00A3DB20 /* Manrope-Light.ttf */,
				7FB36BFC2A6264DF00A3DB20 /* Manrope-Medium.ttf */,
				7FB36BF72A6264DF00A3DB20 /* Manrope-Regular.ttf */,
				7FB36BF92A6264DF00A3DB20 /* Manrope-SemiBold.ttf */,
			);
			path = Font;
			sourceTree = "<group>";
		};
		7FB87BC82A6026A90035AA68 /* Resources */ = {
			isa = PBXGroup;
			children = (
				7FB36BF52A6264CA00A3DB20 /* Font */,
				6C9BAD1B2A5E3C0900309C20 /* Preview Content */,
				6C9BAD192A5E3C0900309C20 /* Assets.xcassets */,
				7F73E62F2A668F650042A227 /* ImageAssets.xcassets */,
				8683249A2A6268B6001C4586 /* ColorAssets.xcassets */,
			);
			path = Resources;
			sourceTree = "<group>";
		};
		7FB87BC92A6026B70035AA68 /* Sources */ = {
			isa = PBXGroup;
			children = (
				7FB87BCA2A6026C20035AA68 /* Application */,
				7FB87BD82A6027A40035AA68 /* UI */,
				7FB87BE82A602F0A0035AA68 /* Network */,
			);
			path = Sources;
			sourceTree = "<group>";
		};
		7FB87BCA2A6026C20035AA68 /* Application */ = {
			isa = PBXGroup;
			children = (
				6C9BAD152A5E3C0800309C20 /* SSAFSoundApp.swift */,
			);
			path = Application;
			sourceTree = "<group>";
		};
		7FB87BD02A6027910035AA68 /* SSAFSoundTests */ = {
			isa = PBXGroup;
			children = (
				7FB87BD12A6027910035AA68 /* SSAFSoundTests.swift */,
			);
			path = SSAFSoundTests;
			sourceTree = "<group>";
		};
		7FB87BD82A6027A40035AA68 /* UI */ = {
			isa = PBXGroup;
			children = (
				7FB87BF92A6036C60035AA68 /* DesignSystem */,
				7FB87BD92A6027AB0035AA68 /* View */,
			);
			path = UI;
			sourceTree = "<group>";
		};
		7FB87BD92A6027AB0035AA68 /* View */ = {
			isa = PBXGroup;
			children = (
				7FDAAE512A69641200713BE4 /* Profile */,
				7FDAAE4C2A6963E700713BE4 /* Home */,
				7F6DE3462A6404A900ADE1E3 /* Recruit */,
				8683249C2A628474001C4586 /* Board */,
				7FB87BF72A6036720035AA68 /* MainTab */,
			);
			path = View;
			sourceTree = "<group>";
		};
		7FB87BE82A602F0A0035AA68 /* Network */ = {
			isa = PBXGroup;
			children = (
				7F73E6312A6693810042A227 /* Type */,
				7FB87BEA2A602F660035AA68 /* APIManger */,
				7FB87BE92A602F5A0035AA68 /* SSAFSoundAPI */,
			);
			path = Network;
			sourceTree = "<group>";
		};
		7FB87BE92A602F5A0035AA68 /* SSAFSoundAPI */ = {
			isa = PBXGroup;
			children = (
				7FB87BF52A6035130035AA68 /* SSAFSoundAPI.swift */,
			);
			path = SSAFSoundAPI;
			sourceTree = "<group>";
		};
		7FB87BEA2A602F660035AA68 /* APIManger */ = {
			isa = PBXGroup;
			children = (
				7FB87BF22A6034E30035AA68 /* NetworkCode */,
				7FB87BEF2A6034B60035AA68 /* APIHeader */,
				7FB87BEB2A602F8B0035AA68 /* APIManger.swift */,
				7FB87BED2A6034780035AA68 /* Config.swift */,
			);
			path = APIManger;
			sourceTree = "<group>";
		};
		7FB87BEF2A6034B60035AA68 /* APIHeader */ = {
			isa = PBXGroup;
			children = (
				7FB87BF02A6034D10035AA68 /* APIHeaderManger.swift */,
			);
			path = APIHeader;
			sourceTree = "<group>";
		};
		7FB87BF22A6034E30035AA68 /* NetworkCode */ = {
			isa = PBXGroup;
			children = (
				7FB87BF32A6034F60035AA68 /* NetworkCode.swift */,
			);
			path = NetworkCode;
			sourceTree = "<group>";
		};
		7FB87BF72A6036720035AA68 /* MainTab */ = {
			isa = PBXGroup;
			children = (
				7FF4FAC62A603A4E007BF344 /* MainTabView.swift */,
				7FF4FADE2A603E99007BF344 /* MainTabViewModel.swift */,
				7FF4FAE02A603FDF007BF344 /* TabType.swift */,
			);
			path = MainTab;
			sourceTree = "<group>";
		};
		7FB87BF92A6036C60035AA68 /* DesignSystem */ = {
			isa = PBXGroup;
			children = (
				7F6DE34A2A6405B800ADE1E3 /* Extension */,
				7FF4FAC52A603A28007BF344 /* Font */,
				7FF4FAC02A6038C0007BF344 /* Color */,
				7FB87BFD2A6037290035AA68 /* Image */,
				7FF4FADB2A603DDE007BF344 /* View */,
			);
			path = DesignSystem;
			sourceTree = "<group>";
		};
		7FB87BFA2A6036D00035AA68 /* TabItem */ = {
			isa = PBXGroup;
			children = (
				7FB87BFB2A6036E50035AA68 /* TabItemViews.swift */,
			);
			path = TabItem;
			sourceTree = "<group>";
		};
		7FB87BFD2A6037290035AA68 /* Image */ = {
			isa = PBXGroup;
			children = (
				7FB87BFE2A60375A0035AA68 /* Image+Extension.swift */,
				7FF4FABE2A6037F6007BF344 /* ImageAsset.swift */,
			);
			path = Image;
			sourceTree = "<group>";
		};
		7FDAAD892A66A38100713BE4 /* MainView */ = {
			isa = PBXGroup;
			children = (
				7F6DE3502A6408D500ADE1E3 /* RecruitView.swift */,
			);
			path = MainView;
			sourceTree = "<group>";
		};
		7FDAAE4C2A6963E700713BE4 /* Home */ = {
			isa = PBXGroup;
			children = (
				7FDAAE4F2A69640B00713BE4 /* HomeView.swift */,
			);
			path = Home;
			sourceTree = "<group>";
		};
		7FDAAE512A69641200713BE4 /* Profile */ = {
			isa = PBXGroup;
			children = (
				7FDAAE522A69641B00713BE4 /* ProfleView.swift */,
			);
			path = Profile;
			sourceTree = "<group>";
		};
		7FDAAE642A69662300713BE4 /* PostItem */ = {
			isa = PBXGroup;
			children = (
				7FDAAE662A69663100713BE4 /* PostCommentItem.swift */,
				7FDAAE652A69663100713BE4 /* PostContentItem.swift */,
				7FDAAE672A69663100713BE4 /* PostTextInputItem.swift */,
				867557002A6D53FB00C0173E /* PostInteractionStats.swift */,
			);
			name = PostItem;
			sourceTree = "<group>";
		};
		7FF4FAC02A6038C0007BF344 /* Color */ = {
			isa = PBXGroup;
			children = (
				7FF4FAC12A6038D3007BF344 /* ColorAsset.swift */,
				7FF4FAC32A6038F2007BF344 /* Extension+Color.swift */,
			);
			path = Color;
			sourceTree = "<group>";
		};
		7FF4FAC52A603A28007BF344 /* Font */ = {
			isa = PBXGroup;
			children = (
				7FF4FAD92A603CC1007BF344 /* ManropeFont.swift */,
			);
			path = Font;
			sourceTree = "<group>";
		};
		7FF4FAD12A603B77007BF344 /* Support */ = {
			isa = PBXGroup;
			children = (
				7FF4FAD02A603B6E007BF344 /* Info.plist */,
			);
			path = Support;
			sourceTree = "<group>";
		};
		7FF4FADB2A603DDE007BF344 /* View */ = {
			isa = PBXGroup;
			children = (
				7F73E6342A6696280042A227 /* Toggle */,
				7F6DE3472A6404D200ADE1E3 /* Button */,
				869ACF422A62AD0A00356DFE /* BoardItem */,
				7FDAAE642A69662300713BE4 /* PostItem */,
				7FB87BFA2A6036D00035AA68 /* TabItem */,
			);
			path = View;
			sourceTree = "<group>";
		};
		7FFBC8912A6B8092009B7587 /* RecruitStudyView */ = {
			isa = PBXGroup;
			children = (
				7FFBC8952A6B80E5009B7587 /* RecruitStudyView.swift */,
			);
			path = RecruitStudyView;
			sourceTree = "<group>";
		};
		7FFBC8922A6B8096009B7587 /* RecruitProjectView */ = {
			isa = PBXGroup;
			children = (
				7FFBC8932A6B80D5009B7587 /*  RecruitProjecView.swift */,
			);
			path = RecruitProjectView;
			sourceTree = "<group>";
		};
		8683249C2A628474001C4586 /* Board */ = {
			isa = PBXGroup;
			children = (
				7FDAAE542A6965BC00713BE4 /* BoardView.swift */,
				7FDAAE552A6965BC00713BE4 /* HotBoardView.swift */,
				7FDAAE572A6965BD00713BE4 /* PostView.swift */,
				7FDAAE562A6965BD00713BE4 /* SelectedBoardView.swift */,
				8670115B2A6ECA6900336BE6 /* SearchView.swift */,
			);
			path = Board;
			sourceTree = "<group>";
		};
		869ACF422A62AD0A00356DFE /* BoardItem */ = {
			isa = PBXGroup;
			children = (
				7FDAAE5D2A69660E00713BE4 /* FloatingButton.swift */,
				7FDAAE5C2A69660E00713BE4 /* HotBoardItemView.swift */,
				7FDAAE5E2A69660E00713BE4 /* BoardInteractionStats.swift */,
				7FDAAE5F2A69660E00713BE4 /* SelectedBoardItem.swift */,
				869ACF432A62AD2200356DFE /* BoardItemView.swift */,
			);
			path = BoardItem;
			sourceTree = "<group>";
		};
/* End PBXGroup section */

/* Begin PBXNativeTarget section */
		6C9BAD112A5E3C0800309C20 /* SSAFSound */ = {
			isa = PBXNativeTarget;
			buildConfigurationList = 6C9BAD202A5E3C0900309C20 /* Build configuration list for PBXNativeTarget "SSAFSound" */;
			buildPhases = (
				6C9BAD0E2A5E3C0800309C20 /* Sources */,
				6C9BAD0F2A5E3C0800309C20 /* Frameworks */,
				6C9BAD102A5E3C0800309C20 /* Resources */,
			);
			buildRules = (
			);
			dependencies = (
			);
			name = SSAFSound;
			packageProductDependencies = (
				7FB87BDB2A6027F00035AA68 /* NukeUI */,
				7FB87BE12A602EA80035AA68 /* PopupView */,
				7FB87BE42A602EFC0035AA68 /* CombineMoya */,
				7FB87BE62A602EFC0035AA68 /* Moya */,
			);
			productName = SSAFSound;
			productReference = 6C9BAD122A5E3C0800309C20 /* SSAFSound.app */;
			productType = "com.apple.product-type.application";
		};
		7FB87BCE2A6027910035AA68 /* SSAFSoundTests */ = {
			isa = PBXNativeTarget;
			buildConfigurationList = 7FB87BD52A6027910035AA68 /* Build configuration list for PBXNativeTarget "SSAFSoundTests" */;
			buildPhases = (
				7FB87BCB2A6027910035AA68 /* Sources */,
				7FB87BCC2A6027910035AA68 /* Frameworks */,
				7FB87BCD2A6027910035AA68 /* Resources */,
			);
			buildRules = (
			);
			dependencies = (
				7FB87BD42A6027910035AA68 /* PBXTargetDependency */,
			);
			name = SSAFSoundTests;
			productName = SSAFSoundTests;
			productReference = 7FB87BCF2A6027910035AA68 /* SSAFSoundTests.xctest */;
			productType = "com.apple.product-type.bundle.unit-test";
		};
/* End PBXNativeTarget section */

/* Begin PBXProject section */
		6C9BAD0A2A5E3C0800309C20 /* Project object */ = {
			isa = PBXProject;
			attributes = {
				BuildIndependentTargetsInParallel = 1;
				LastSwiftUpdateCheck = 1430;
				LastUpgradeCheck = 1420;
				TargetAttributes = {
					6C9BAD112A5E3C0800309C20 = {
						CreatedOnToolsVersion = 14.2;
					};
					7FB87BCE2A6027910035AA68 = {
						CreatedOnToolsVersion = 14.3.1;
						TestTargetID = 6C9BAD112A5E3C0800309C20;
					};
				};
			};
			buildConfigurationList = 6C9BAD0D2A5E3C0800309C20 /* Build configuration list for PBXProject "SSAFSound" */;
			compatibilityVersion = "Xcode 14.0";
			developmentRegion = en;
			hasScannedForEncodings = 0;
			knownRegions = (
				en,
				Base,
			);
			mainGroup = 6C9BAD092A5E3C0800309C20;
			packageReferences = (
				7FB87BDA2A6027F00035AA68 /* XCRemoteSwiftPackageReference "NukeUI" */,
				7FB87BE02A602EA80035AA68 /* XCRemoteSwiftPackageReference "PopupView" */,
				7FB87BE32A602EFC0035AA68 /* XCRemoteSwiftPackageReference "Moya" */,
			);
			productRefGroup = 6C9BAD132A5E3C0800309C20 /* Products */;
			projectDirPath = "";
			projectRoot = "";
			targets = (
				6C9BAD112A5E3C0800309C20 /* SSAFSound */,
				7FB87BCE2A6027910035AA68 /* SSAFSoundTests */,
			);
		};
/* End PBXProject section */

/* Begin PBXResourcesBuildPhase section */
		6C9BAD102A5E3C0800309C20 /* Resources */ = {
			isa = PBXResourcesBuildPhase;
			buildActionMask = 2147483647;
			files = (
				7FB36BFE2A6264DF00A3DB20 /* Manrope-Regular.ttf in Resources */,
				6C9BAD1D2A5E3C0900309C20 /* Preview Assets.xcassets in Resources */,
				7FB36BFD2A6264DF00A3DB20 /* Manrope-Bold.ttf in Resources */,
				6C9BAD1A2A5E3C0900309C20 /* Assets.xcassets in Resources */,
				8683249B2A6268B6001C4586 /* ColorAssets.xcassets in Resources */,
				7FB36C022A6264DF00A3DB20 /* Manrope-Light.ttf in Resources */,
				7FB36C002A6264DF00A3DB20 /* Manrope-SemiBold.ttf in Resources */,
				7F73E6302A668F650042A227 /* ImageAssets.xcassets in Resources */,
				7FB36C032A6264DF00A3DB20 /* Manrope-Medium.ttf in Resources */,
				7FB36BFF2A6264DF00A3DB20 /* Manrope-ExtraLight.ttf in Resources */,
				7FB36C012A6264DF00A3DB20 /* Manrope-ExtraBold.ttf in Resources */,
			);
			runOnlyForDeploymentPostprocessing = 0;
		};
		7FB87BCD2A6027910035AA68 /* Resources */ = {
			isa = PBXResourcesBuildPhase;
			buildActionMask = 2147483647;
			files = (
			);
			runOnlyForDeploymentPostprocessing = 0;
		};
/* End PBXResourcesBuildPhase section */

/* Begin PBXSourcesBuildPhase section */
		6C9BAD0E2A5E3C0800309C20 /* Sources */ = {
			isa = PBXSourcesBuildPhase;
			buildActionMask = 2147483647;
			files = (
				7FF4FABF2A6037F6007BF344 /* ImageAsset.swift in Sources */,
				7FF4FAE12A603FDF007BF344 /* TabType.swift in Sources */,
				7FF4FADA2A603CC1007BF344 /* ManropeFont.swift in Sources */,
				7FDAAE592A6965BD00713BE4 /* HotBoardView.swift in Sources */,
				7FB87BEC2A602F8B0035AA68 /* APIManger.swift in Sources */,
				7FB87BFC2A6036E50035AA68 /* TabItemViews.swift in Sources */,
				7F73E6332A6693980042A227 /* RecruitStudyType.swift in Sources */,
				7FDAAE582A6965BD00713BE4 /* BoardView.swift in Sources */,
				7FB87BFF2A60375A0035AA68 /* Image+Extension.swift in Sources */,
				7FDAAE6A2A69663100713BE4 /* PostTextInputItem.swift in Sources */,
				7FB87BF42A6034F60035AA68 /* NetworkCode.swift in Sources */,
				7FB87BEE2A6034780035AA68 /* Config.swift in Sources */,
				7FDAAE5A2A6965BD00713BE4 /* SelectedBoardView.swift in Sources */,
				7FF4FAC22A6038D3007BF344 /* ColorAsset.swift in Sources */,
				7FF4FAC72A603A4E007BF344 /* MainTabView.swift in Sources */,
				7FF4FAC42A6038F2007BF344 /* Extension+Color.swift in Sources */,
				869ACF442A62AD2200356DFE /* BoardItemView.swift in Sources */,
				7FDAAE632A69660E00713BE4 /* SelectedBoardItem.swift in Sources */,
				7F6DE34F2A64063A00ADE1E3 /* XmarkButtonView.swift in Sources */,
				7FDAAE502A69640B00713BE4 /* HomeView.swift in Sources */,
				7FF4FADF2A603E99007BF344 /* MainTabViewModel.swift in Sources */,
				7FDAAE602A69660E00713BE4 /* HotBoardItemView.swift in Sources */,
				7F6DE34D2A6405D300ADE1E3 /* Extesnsion+Size.swift in Sources */,
				7FDAAE682A69663100713BE4 /* PostContentItem.swift in Sources */,
				7FDAAE532A69641B00713BE4 /* ProfleView.swift in Sources */,
				6C9BAD162A5E3C0800309C20 /* SSAFSoundApp.swift in Sources */,
				7F6DE3492A6404F300ADE1E3 /* BackButtonView.swift in Sources */,
				7F6DE3512A6408D500ADE1E3 /* RecruitView.swift in Sources */,
				7FDAAE622A69660E00713BE4 /* BoardInteractionStats.swift in Sources */,
				7FB87BF62A6035130035AA68 /* SSAFSoundAPI.swift in Sources */,
				867557012A6D53FB00C0173E /* PostInteractionStats.swift in Sources */,
				7F73E6362A6696420042A227 /* RecuritCustomToggle.swift in Sources */,
				7FDAAE692A69663100713BE4 /* PostCommentItem.swift in Sources */,
				7FDAAE5B2A6965BD00713BE4 /* PostView.swift in Sources */,
				8670115C2A6ECA6900336BE6 /* SearchView.swift in Sources */,
				7FFBC8962A6B80E5009B7587 /* RecruitStudyView.swift in Sources */,
				7FB87BF12A6034D10035AA68 /* APIHeaderManger.swift in Sources */,
				7FDAAE612A69660E00713BE4 /* FloatingButton.swift in Sources */,
				7FFBC8942A6B80D5009B7587 /*  RecruitProjecView.swift in Sources */,
			);
			runOnlyForDeploymentPostprocessing = 0;
		};
		7FB87BCB2A6027910035AA68 /* Sources */ = {
			isa = PBXSourcesBuildPhase;
			buildActionMask = 2147483647;
			files = (
				7FB87BD22A6027910035AA68 /* SSAFSoundTests.swift in Sources */,
			);
			runOnlyForDeploymentPostprocessing = 0;
		};
/* End PBXSourcesBuildPhase section */

/* Begin PBXTargetDependency section */
		7FB87BD42A6027910035AA68 /* PBXTargetDependency */ = {
			isa = PBXTargetDependency;
			target = 6C9BAD112A5E3C0800309C20 /* SSAFSound */;
			targetProxy = 7FB87BD32A6027910035AA68 /* PBXContainerItemProxy */;
		};
/* End PBXTargetDependency section */

/* Begin XCBuildConfiguration section */
		6C9BAD1E2A5E3C0900309C20 /* Debug */ = {
			isa = XCBuildConfiguration;
			buildSettings = {
				ALWAYS_SEARCH_USER_PATHS = NO;
				CLANG_ANALYZER_NONNULL = YES;
				CLANG_ANALYZER_NUMBER_OBJECT_CONVERSION = YES_AGGRESSIVE;
				CLANG_CXX_LANGUAGE_STANDARD = "gnu++20";
				CLANG_ENABLE_MODULES = YES;
				CLANG_ENABLE_OBJC_ARC = YES;
				CLANG_ENABLE_OBJC_WEAK = YES;
				CLANG_WARN_BLOCK_CAPTURE_AUTORELEASING = YES;
				CLANG_WARN_BOOL_CONVERSION = YES;
				CLANG_WARN_COMMA = YES;
				CLANG_WARN_CONSTANT_CONVERSION = YES;
				CLANG_WARN_DEPRECATED_OBJC_IMPLEMENTATIONS = YES;
				CLANG_WARN_DIRECT_OBJC_ISA_USAGE = YES_ERROR;
				CLANG_WARN_DOCUMENTATION_COMMENTS = YES;
				CLANG_WARN_EMPTY_BODY = YES;
				CLANG_WARN_ENUM_CONVERSION = YES;
				CLANG_WARN_INFINITE_RECURSION = YES;
				CLANG_WARN_INT_CONVERSION = YES;
				CLANG_WARN_NON_LITERAL_NULL_CONVERSION = YES;
				CLANG_WARN_OBJC_IMPLICIT_RETAIN_SELF = YES;
				CLANG_WARN_OBJC_LITERAL_CONVERSION = YES;
				CLANG_WARN_OBJC_ROOT_CLASS = YES_ERROR;
				CLANG_WARN_QUOTED_INCLUDE_IN_FRAMEWORK_HEADER = YES;
				CLANG_WARN_RANGE_LOOP_ANALYSIS = YES;
				CLANG_WARN_STRICT_PROTOTYPES = YES;
				CLANG_WARN_SUSPICIOUS_MOVE = YES;
				CLANG_WARN_UNGUARDED_AVAILABILITY = YES_AGGRESSIVE;
				CLANG_WARN_UNREACHABLE_CODE = YES;
				CLANG_WARN__DUPLICATE_METHOD_MATCH = YES;
				COPY_PHASE_STRIP = NO;
				DEBUG_INFORMATION_FORMAT = dwarf;
				ENABLE_STRICT_OBJC_MSGSEND = YES;
				ENABLE_TESTABILITY = YES;
				GCC_C_LANGUAGE_STANDARD = gnu11;
				GCC_DYNAMIC_NO_PIC = NO;
				GCC_NO_COMMON_BLOCKS = YES;
				GCC_OPTIMIZATION_LEVEL = 0;
				GCC_PREPROCESSOR_DEFINITIONS = (
					"DEBUG=1",
					"$(inherited)",
				);
				GCC_WARN_64_TO_32_BIT_CONVERSION = YES;
				GCC_WARN_ABOUT_RETURN_TYPE = YES_ERROR;
				GCC_WARN_UNDECLARED_SELECTOR = YES;
				GCC_WARN_UNINITIALIZED_AUTOS = YES_AGGRESSIVE;
				GCC_WARN_UNUSED_FUNCTION = YES;
				GCC_WARN_UNUSED_VARIABLE = YES;
				IPHONEOS_DEPLOYMENT_TARGET = 16.2;
				MTL_ENABLE_DEBUG_INFO = INCLUDE_SOURCE;
				MTL_FAST_MATH = YES;
				ONLY_ACTIVE_ARCH = YES;
				SDKROOT = iphoneos;
				SWIFT_ACTIVE_COMPILATION_CONDITIONS = DEBUG;
				SWIFT_OPTIMIZATION_LEVEL = "-Onone";
			};
			name = Debug;
		};
		6C9BAD1F2A5E3C0900309C20 /* Release */ = {
			isa = XCBuildConfiguration;
			buildSettings = {
				ALWAYS_SEARCH_USER_PATHS = NO;
				CLANG_ANALYZER_NONNULL = YES;
				CLANG_ANALYZER_NUMBER_OBJECT_CONVERSION = YES_AGGRESSIVE;
				CLANG_CXX_LANGUAGE_STANDARD = "gnu++20";
				CLANG_ENABLE_MODULES = YES;
				CLANG_ENABLE_OBJC_ARC = YES;
				CLANG_ENABLE_OBJC_WEAK = YES;
				CLANG_WARN_BLOCK_CAPTURE_AUTORELEASING = YES;
				CLANG_WARN_BOOL_CONVERSION = YES;
				CLANG_WARN_COMMA = YES;
				CLANG_WARN_CONSTANT_CONVERSION = YES;
				CLANG_WARN_DEPRECATED_OBJC_IMPLEMENTATIONS = YES;
				CLANG_WARN_DIRECT_OBJC_ISA_USAGE = YES_ERROR;
				CLANG_WARN_DOCUMENTATION_COMMENTS = YES;
				CLANG_WARN_EMPTY_BODY = YES;
				CLANG_WARN_ENUM_CONVERSION = YES;
				CLANG_WARN_INFINITE_RECURSION = YES;
				CLANG_WARN_INT_CONVERSION = YES;
				CLANG_WARN_NON_LITERAL_NULL_CONVERSION = YES;
				CLANG_WARN_OBJC_IMPLICIT_RETAIN_SELF = YES;
				CLANG_WARN_OBJC_LITERAL_CONVERSION = YES;
				CLANG_WARN_OBJC_ROOT_CLASS = YES_ERROR;
				CLANG_WARN_QUOTED_INCLUDE_IN_FRAMEWORK_HEADER = YES;
				CLANG_WARN_RANGE_LOOP_ANALYSIS = YES;
				CLANG_WARN_STRICT_PROTOTYPES = YES;
				CLANG_WARN_SUSPICIOUS_MOVE = YES;
				CLANG_WARN_UNGUARDED_AVAILABILITY = YES_AGGRESSIVE;
				CLANG_WARN_UNREACHABLE_CODE = YES;
				CLANG_WARN__DUPLICATE_METHOD_MATCH = YES;
				COPY_PHASE_STRIP = NO;
				DEBUG_INFORMATION_FORMAT = "dwarf-with-dsym";
				ENABLE_NS_ASSERTIONS = NO;
				ENABLE_STRICT_OBJC_MSGSEND = YES;
				GCC_C_LANGUAGE_STANDARD = gnu11;
				GCC_NO_COMMON_BLOCKS = YES;
				GCC_WARN_64_TO_32_BIT_CONVERSION = YES;
				GCC_WARN_ABOUT_RETURN_TYPE = YES_ERROR;
				GCC_WARN_UNDECLARED_SELECTOR = YES;
				GCC_WARN_UNINITIALIZED_AUTOS = YES_AGGRESSIVE;
				GCC_WARN_UNUSED_FUNCTION = YES;
				GCC_WARN_UNUSED_VARIABLE = YES;
				IPHONEOS_DEPLOYMENT_TARGET = 16.2;
				MTL_ENABLE_DEBUG_INFO = NO;
				MTL_FAST_MATH = YES;
				SDKROOT = iphoneos;
				SWIFT_COMPILATION_MODE = wholemodule;
				SWIFT_OPTIMIZATION_LEVEL = "-O";
				VALIDATE_PRODUCT = YES;
			};
			name = Release;
		};
		6C9BAD212A5E3C0900309C20 /* Debug */ = {
			isa = XCBuildConfiguration;
			buildSettings = {
				ASSETCATALOG_COMPILER_APPICON_NAME = AppIcon;
				ASSETCATALOG_COMPILER_GLOBAL_ACCENT_COLOR_NAME = AccentColor;
				CODE_SIGN_STYLE = Automatic;
				CURRENT_PROJECT_VERSION = 1;
				DEVELOPMENT_ASSET_PATHS = "\"SSAFSound/Resources/Preview Content\"";
				DEVELOPMENT_TEAM = 44SVK28983;
				ENABLE_PREVIEWS = YES;
				GENERATE_INFOPLIST_FILE = YES;
				INFOPLIST_FILE = SSAFSound/Support/Info.plist;
				INFOPLIST_KEY_CFBundleDisplayName = SsafSound;
				INFOPLIST_KEY_UIApplicationSceneManifest_Generation = YES;
				INFOPLIST_KEY_UIApplicationSupportsIndirectInputEvents = YES;
				INFOPLIST_KEY_UILaunchScreen_Generation = YES;
				INFOPLIST_KEY_UISupportedInterfaceOrientations = UIInterfaceOrientationPortrait;
				INFOPLIST_KEY_UISupportedInterfaceOrientations_iPad = "UIInterfaceOrientationLandscapeLeft UIInterfaceOrientationLandscapeRight UIInterfaceOrientationPortrait UIInterfaceOrientationPortraitUpsideDown";
				INFOPLIST_KEY_UIUserInterfaceStyle = dark;
				IPHONEOS_DEPLOYMENT_TARGET = 16.4;
				LD_RUNPATH_SEARCH_PATHS = (
					"$(inherited)",
					"@executable_path/Frameworks",
				);
				MARKETING_VERSION = 1.0.0;
				PRODUCT_BUNDLE_IDENTIFIER = SSAFsori.SSAFSound;
				PRODUCT_NAME = "$(TARGET_NAME)";
				SUPPORTED_PLATFORMS = "iphoneos iphonesimulator";
				SUPPORTS_MACCATALYST = NO;
				SUPPORTS_MAC_DESIGNED_FOR_IPHONE_IPAD = NO;
				SWIFT_EMIT_LOC_STRINGS = YES;
				SWIFT_VERSION = 5.0;
				TARGETED_DEVICE_FAMILY = 1;
			};
			name = Debug;
		};
		6C9BAD222A5E3C0900309C20 /* Release */ = {
			isa = XCBuildConfiguration;
			buildSettings = {
				ASSETCATALOG_COMPILER_APPICON_NAME = AppIcon;
				ASSETCATALOG_COMPILER_GLOBAL_ACCENT_COLOR_NAME = AccentColor;
				CODE_SIGN_STYLE = Automatic;
				CURRENT_PROJECT_VERSION = 1;
				DEVELOPMENT_ASSET_PATHS = "\"SSAFSound/Resources/Preview Content\"";
				DEVELOPMENT_TEAM = 44SVK28983;
				ENABLE_PREVIEWS = YES;
				GENERATE_INFOPLIST_FILE = YES;
				INFOPLIST_FILE = SSAFSound/Support/Info.plist;
				INFOPLIST_KEY_CFBundleDisplayName = SsafSound;
				INFOPLIST_KEY_UIApplicationSceneManifest_Generation = YES;
				INFOPLIST_KEY_UIApplicationSupportsIndirectInputEvents = YES;
				INFOPLIST_KEY_UILaunchScreen_Generation = YES;
				INFOPLIST_KEY_UISupportedInterfaceOrientations = UIInterfaceOrientationPortrait;
				INFOPLIST_KEY_UISupportedInterfaceOrientations_iPad = "UIInterfaceOrientationLandscapeLeft UIInterfaceOrientationLandscapeRight UIInterfaceOrientationPortrait UIInterfaceOrientationPortraitUpsideDown";
				INFOPLIST_KEY_UIUserInterfaceStyle = dark;
				IPHONEOS_DEPLOYMENT_TARGET = 16.4;
				LD_RUNPATH_SEARCH_PATHS = (
					"$(inherited)",
					"@executable_path/Frameworks",
				);
				MARKETING_VERSION = 1.0.0;
				PRODUCT_BUNDLE_IDENTIFIER = SSAFsori.SSAFSound;
				PRODUCT_NAME = "$(TARGET_NAME)";
				SUPPORTED_PLATFORMS = "iphoneos iphonesimulator";
				SUPPORTS_MACCATALYST = NO;
				SUPPORTS_MAC_DESIGNED_FOR_IPHONE_IPAD = NO;
				SWIFT_EMIT_LOC_STRINGS = YES;
				SWIFT_VERSION = 5.0;
				TARGETED_DEVICE_FAMILY = 1;
			};
			name = Release;
		};
		7FB87BD62A6027910035AA68 /* Debug */ = {
			isa = XCBuildConfiguration;
			buildSettings = {
				BUNDLE_LOADER = "$(TEST_HOST)";
				CODE_SIGN_STYLE = Automatic;
				CURRENT_PROJECT_VERSION = 1;
				DEVELOPMENT_TEAM = 44SVK28983;
				GENERATE_INFOPLIST_FILE = YES;
				IPHONEOS_DEPLOYMENT_TARGET = 16.4;
				MARKETING_VERSION = 1.0;
				PRODUCT_BUNDLE_IDENTIFIER = com.ssaf.SSAFSoundTests;
				PRODUCT_NAME = "$(TARGET_NAME)";
				SUPPORTED_PLATFORMS = "iphoneos iphonesimulator";
				SUPPORTS_MACCATALYST = NO;
				SUPPORTS_MAC_DESIGNED_FOR_IPHONE_IPAD = NO;
				SWIFT_EMIT_LOC_STRINGS = NO;
				SWIFT_VERSION = 5.0;
				TARGETED_DEVICE_FAMILY = 1;
				TEST_HOST = "$(BUILT_PRODUCTS_DIR)/SSAFSound.app/$(BUNDLE_EXECUTABLE_FOLDER_PATH)/SSAFSound";
			};
			name = Debug;
		};
		7FB87BD72A6027910035AA68 /* Release */ = {
			isa = XCBuildConfiguration;
			buildSettings = {
				BUNDLE_LOADER = "$(TEST_HOST)";
				CODE_SIGN_STYLE = Automatic;
				CURRENT_PROJECT_VERSION = 1;
				DEVELOPMENT_TEAM = 44SVK28983;
				GENERATE_INFOPLIST_FILE = YES;
				IPHONEOS_DEPLOYMENT_TARGET = 16.4;
				MARKETING_VERSION = 1.0;
				PRODUCT_BUNDLE_IDENTIFIER = com.ssaf.SSAFSoundTests;
				PRODUCT_NAME = "$(TARGET_NAME)";
				SUPPORTED_PLATFORMS = "iphoneos iphonesimulator";
				SUPPORTS_MACCATALYST = NO;
				SUPPORTS_MAC_DESIGNED_FOR_IPHONE_IPAD = NO;
				SWIFT_EMIT_LOC_STRINGS = NO;
				SWIFT_VERSION = 5.0;
				TARGETED_DEVICE_FAMILY = 1;
				TEST_HOST = "$(BUILT_PRODUCTS_DIR)/SSAFSound.app/$(BUNDLE_EXECUTABLE_FOLDER_PATH)/SSAFSound";
			};
			name = Release;
		};
/* End XCBuildConfiguration section */

/* Begin XCConfigurationList section */
		6C9BAD0D2A5E3C0800309C20 /* Build configuration list for PBXProject "SSAFSound" */ = {
			isa = XCConfigurationList;
			buildConfigurations = (
				6C9BAD1E2A5E3C0900309C20 /* Debug */,
				6C9BAD1F2A5E3C0900309C20 /* Release */,
			);
			defaultConfigurationIsVisible = 0;
			defaultConfigurationName = Release;
		};
		6C9BAD202A5E3C0900309C20 /* Build configuration list for PBXNativeTarget "SSAFSound" */ = {
			isa = XCConfigurationList;
			buildConfigurations = (
				6C9BAD212A5E3C0900309C20 /* Debug */,
				6C9BAD222A5E3C0900309C20 /* Release */,
			);
			defaultConfigurationIsVisible = 0;
			defaultConfigurationName = Release;
		};
		7FB87BD52A6027910035AA68 /* Build configuration list for PBXNativeTarget "SSAFSoundTests" */ = {
			isa = XCConfigurationList;
			buildConfigurations = (
				7FB87BD62A6027910035AA68 /* Debug */,
				7FB87BD72A6027910035AA68 /* Release */,
			);
			defaultConfigurationIsVisible = 0;
			defaultConfigurationName = Release;
		};
/* End XCConfigurationList section */

/* Begin XCRemoteSwiftPackageReference section */
		7FB87BDA2A6027F00035AA68 /* XCRemoteSwiftPackageReference "NukeUI" */ = {
			isa = XCRemoteSwiftPackageReference;
			repositoryURL = "https://github.com/kean/NukeUI.git";
			requirement = {
				kind = upToNextMinorVersion;
				minimumVersion = 0.8.3;
			};
		};
		7FB87BE02A602EA80035AA68 /* XCRemoteSwiftPackageReference "PopupView" */ = {
			isa = XCRemoteSwiftPackageReference;
			repositoryURL = "https://github.com/exyte/PopupView.git";
			requirement = {
				kind = upToNextMajorVersion;
				minimumVersion = 2.0.0;
			};
		};
		7FB87BE32A602EFC0035AA68 /* XCRemoteSwiftPackageReference "Moya" */ = {
			isa = XCRemoteSwiftPackageReference;
			repositoryURL = "https://github.com/Moya/Moya.git";
			requirement = {
				kind = upToNextMajorVersion;
				minimumVersion = 15.0.0;
			};
		};
/* End XCRemoteSwiftPackageReference section */

/* Begin XCSwiftPackageProductDependency section */
		7FB87BDB2A6027F00035AA68 /* NukeUI */ = {
			isa = XCSwiftPackageProductDependency;
			package = 7FB87BDA2A6027F00035AA68 /* XCRemoteSwiftPackageReference "NukeUI" */;
			productName = NukeUI;
		};
		7FB87BE12A602EA80035AA68 /* PopupView */ = {
			isa = XCSwiftPackageProductDependency;
			package = 7FB87BE02A602EA80035AA68 /* XCRemoteSwiftPackageReference "PopupView" */;
			productName = PopupView;
		};
		7FB87BE42A602EFC0035AA68 /* CombineMoya */ = {
			isa = XCSwiftPackageProductDependency;
			package = 7FB87BE32A602EFC0035AA68 /* XCRemoteSwiftPackageReference "Moya" */;
			productName = CombineMoya;
		};
		7FB87BE62A602EFC0035AA68 /* Moya */ = {
			isa = XCSwiftPackageProductDependency;
			package = 7FB87BE32A602EFC0035AA68 /* XCRemoteSwiftPackageReference "Moya" */;
			productName = Moya;
		};
/* End XCSwiftPackageProductDependency section */
	};
	rootObject = 6C9BAD0A2A5E3C0800309C20 /* Project object */;
}
