{
  "pins" : [
    {
      "identity" : "gifu",
      "kind" : "remoteSourceControl",
      "location" : "https://github.com/kaishin/Gifu",
      "state" : {
        "revision" : "82da0086dea14ca9afc9801234ad8dc4cd9e2738",
        "version" : "3.4.1"
      }
    },
    {
      "identity" : "nuke",
      "kind" : "remoteSourceControl",
      "location" : "https://github.com/kean/Nuke.git",
      "state" : {
        "revision" : "a002b7fd786f2df2ed4333fe73a9727499fd9d97",
        "version" : "10.11.2"
      }
    },
    {
      "identity" : "nukeui",
      "kind" : "remoteSourceControl",
      "location" : "https://github.com/kean/NukeUI.git",
      "state" : {
        "revision" : "db55022a8e483774ebbf3568727071477546d9ea",
        "version" : "0.8.3"
      }
    }
  ],
  "version" : 2
}
