// !$*UTF8*$!
{
	archiveVersion = 1;
	classes = {
	};
	objectVersion = 56;
	objects = {

/* Begin PBXBuildFile section */
		6C9BAD162A5E3C0800309C20 /* SSAFSoundApp.swift in Sources */ = {isa = PBXBuildFile; fileRef = 6C9BAD152A5E3C0800309C20 /* SSAFSoundApp.swift */; };
		6C9BAD182A5E3C0800309C20 /* ContentView.swift in Sources */ = {isa = PBXBuildFile; fileRef = 6C9BAD172A5E3C0800309C20 /* ContentView.swift */; };
		6C9BAD1A2A5E3C0900309C20 /* Assets.xcassets in Resources */ = {isa = PBXBuildFile; fileRef = 6C9BAD192A5E3C0900309C20 /* Assets.xcassets */; };
		6C9BAD1D2A5E3C0900309C20 /* Preview Assets.xcassets in Resources */ = {isa = PBXBuildFile; fileRef = 6C9BAD1C2A5E3C0900309C20 /* Preview Assets.xcassets */; };
		7FB87BD22A6027910035AA68 /* SSAFSoundTests.swift in Sources */ = {isa = PBXBuildFile; fileRef = 7FB87BD12A6027910035AA68 /* SSAFSoundTests.swift */; };
		7FB87BDC2A6027F00035AA68 /* NukeUI in Frameworks */ = {isa = PBXBuildFile; productRef = 7FB87BDB2A6027F00035AA68 /* NukeUI */; };
/* End PBXBuildFile section */

/* Begin PBXContainerItemProxy section */
		7FB87BD32A6027910035AA68 /* PBXContainerItemProxy */ = {
			isa = PBXContainerItemProxy;
			containerPortal = 6C9BAD0A2A5E3C0800309C20 /* Project object */;
			proxyType = 1;
			remoteGlobalIDString = 6C9BAD112A5E3C0800309C20;
			remoteInfo = SSAFSound;
		};
/* End PBXContainerItemProxy section */

/* Begin PBXFileReference section */
		6C9BAD122A5E3C0800309C20 /* SSAFSound.app */ = {isa = PBXFileReference; explicitFileType = wrapper.application; includeInIndex = 0; path = SSAFSound.app; sourceTree = BUILT_PRODUCTS_DIR; };
		6C9BAD152A5E3C0800309C20 /* SSAFSoundApp.swift */ = {isa = PBXFileReference; lastKnownFileType = sourcecode.swift; path = SSAFSoundApp.swift; sourceTree = "<group>"; };
		6C9BAD172A5E3C0800309C20 /* ContentView.swift */ = {isa = PBXFileReference; lastKnownFileType = sourcecode.swift; path = ContentView.swift; sourceTree = "<group>"; };
		6C9BAD192A5E3C0900309C20 /* Assets.xcassets */ = {isa = PBXFileReference; lastKnownFileType = folder.assetcatalog; path = Assets.xcassets; sourceTree = "<group>"; };
		6C9BAD1C2A5E3C0900309C20 /* Preview Assets.xcassets */ = {isa = PBXFileReference; lastKnownFileType = folder.assetcatalog; path = "Preview Assets.xcassets"; sourceTree = "<group>"; };
		7FB87BCF2A6027910035AA68 /* SSAFSoundTests.xctest */ = {isa = PBXFileReference; explicitFileType = wrapper.cfbundle; includeInIndex = 0; path = SSAFSoundTests.xctest; sourceTree = BUILT_PRODUCTS_DIR; };
		7FB87BD12A6027910035AA68 /* SSAFSoundTests.swift */ = {isa = PBXFileReference; lastKnownFileType = sourcecode.swift; path = SSAFSoundTests.swift; sourceTree = "<group>"; };
/* End PBXFileReference section */

/* Begin PBXFrameworksBuildPhase section */
		6C9BAD0F2A5E3C0800309C20 /* Frameworks */ = {
			isa = PBXFrameworksBuildPhase;
			buildActionMask = 2147483647;
			files = (
				7FB87BDC2A6027F00035AA68 /* NukeUI in Frameworks */,
			);
			runOnlyForDeploymentPostprocessing = 0;
		};
		7FB87BCC2A6027910035AA68 /* Frameworks */ = {
			isa = PBXFrameworksBuildPhase;
			buildActionMask = 2147483647;
			files = (
			);
			runOnlyForDeploymentPostprocessing = 0;
		};
/* End PBXFrameworksBuildPhase section */

/* Begin PBXGroup section */
		6C9BAD092A5E3C0800309C20 = {
			isa = PBXGroup;
			children = (
				7FB87BDD2A60287F0035AA68 /* Support */,
				6C9BAD142A5E3C0800309C20 /* SSAFSound */,
				7FB87BD02A6027910035AA68 /* SSAFSoundTests */,
				6C9BAD132A5E3C0800309C20 /* Products */,
			);
			sourceTree = "<group>";
		};
		6C9BAD132A5E3C0800309C20 /* Products */ = {
			isa = PBXGroup;
			children = (
				6C9BAD122A5E3C0800309C20 /* SSAFSound.app */,
				7FB87BCF2A6027910035AA68 /* SSAFSoundTests.xctest */,
			);
			name = Products;
			sourceTree = "<group>";
		};
		6C9BAD142A5E3C0800309C20 /* SSAFSound */ = {
			isa = PBXGroup;
			children = (
				7FB87BC92A6026B70035AA68 /* Sources */,
				7FB87BC82A6026A90035AA68 /* Resources */,
			);
			path = SSAFSound;
			sourceTree = "<group>";
		};
		6C9BAD1B2A5E3C0900309C20 /* Preview Content */ = {
			isa = PBXGroup;
			children = (
				6C9BAD1C2A5E3C0900309C20 /* Preview Assets.xcassets */,
			);
			path = "Preview Content";
			sourceTree = "<group>";
		};
		7FB87BC82A6026A90035AA68 /* Resources */ = {
			isa = PBXGroup;
			children = (
				6C9BAD1B2A5E3C0900309C20 /* Preview Content */,
				6C9BAD192A5E3C0900309C20 /* Assets.xcassets */,
			);
			path = Resources;
			sourceTree = "<group>";
		};
		7FB87BC92A6026B70035AA68 /* Sources */ = {
			isa = PBXGroup;
			children = (
				7FB87BD82A6027A40035AA68 /* UI */,
				7FB87BCA2A6026C20035AA68 /* Application */,
			);
			path = Sources;
			sourceTree = "<group>";
		};
		7FB87BCA2A6026C20035AA68 /* Application */ = {
			isa = PBXGroup;
			children = (
				6C9BAD152A5E3C0800309C20 /* SSAFSoundApp.swift */,
			);
			path = Application;
			sourceTree = "<group>";
		};
		7FB87BD02A6027910035AA68 /* SSAFSoundTests */ = {
			isa = PBXGroup;
			children = (
				7FB87BD12A6027910035AA68 /* SSAFSoundTests.swift */,
			);
			path = SSAFSoundTests;
			sourceTree = "<group>";
		};
		7FB87BD82A6027A40035AA68 /* UI */ = {
			isa = PBXGroup;
			children = (
				7FB87BD92A6027AB0035AA68 /* View */,
			);
			path = UI;
			sourceTree = "<group>";
		};
		7FB87BD92A6027AB0035AA68 /* View */ = {
			isa = PBXGroup;
			children = (
				6C9BAD172A5E3C0800309C20 /* ContentView.swift */,
			);
			path = View;
			sourceTree = "<group>";
		};
		7FB87BDD2A60287F0035AA68 /* Support */ = {
			isa = PBXGroup;
			children = (
			);
			path = Support;
			sourceTree = "<group>";
		};
/* End PBXGroup section */

/* Begin PBXNativeTarget section */
		6C9BAD112A5E3C0800309C20 /* SSAFSound */ = {
			isa = PBXNativeTarget;
			buildConfigurationList = 6C9BAD202A5E3C0900309C20 /* Build configuration list for PBXNativeTarget "SSAFSound" */;
			buildPhases = (
				6C9BAD0E2A5E3C0800309C20 /* Sources */,
				6C9BAD0F2A5E3C0800309C20 /* Frameworks */,
				6C9BAD102A5E3C0800309C20 /* Resources */,
			);
			buildRules = (
			);
			dependencies = (
			);
			name = SSAFSound;
			packageProductDependencies = (
				7FB87BDB2A6027F00035AA68 /* NukeUI */,
			);
			productName = SSAFSound;
			productReference = 6C9BAD122A5E3C0800309C20 /* SSAFSound.app */;
			productType = "com.apple.product-type.application";
		};
		7FB87BCE2A6027910035AA68 /* SSAFSoundTests */ = {
			isa = PBXNativeTarget;
			buildConfigurationList = 7FB87BD52A6027910035AA68 /* Build configuration list for PBXNativeTarget "SSAFSoundTests" */;
			buildPhases = (
				7FB87BCB2A6027910035AA68 /* Sources */,
				7FB87BCC2A6027910035AA68 /* Frameworks */,
				7FB87BCD2A6027910035AA68 /* Resources */,
			);
			buildRules = (
			);
			dependencies = (
				7FB87BD42A6027910035AA68 /* PBXTargetDependency */,
			);
			name = SSAFSoundTests;
			productName = SSAFSoundTests;
			productReference = 7FB87BCF2A6027910035AA68 /* SSAFSoundTests.xctest */;
			productType = "com.apple.product-type.bundle.unit-test";
		};
/* End PBXNativeTarget section */

/* Begin PBXProject section */
		6C9BAD0A2A5E3C0800309C20 /* Project object */ = {
			isa = PBXProject;
			attributes = {
				BuildIndependentTargetsInParallel = 1;
				LastSwiftUpdateCheck = 1430;
				LastUpgradeCheck = 1420;
				TargetAttributes = {
					6C9BAD112A5E3C0800309C20 = {
						CreatedOnToolsVersion = 14.2;
					};
					7FB87BCE2A6027910035AA68 = {
						CreatedOnToolsVersion = 14.3.1;
						TestTargetID = 6C9BAD112A5E3C0800309C20;
					};
				};
			};
			buildConfigurationList = 6C9BAD0D2A5E3C0800309C20 /* Build configuration list for PBXProject "SSAFSound" */;
			compatibilityVersion = "Xcode 14.0";
			developmentRegion = en;
			hasScannedForEncodings = 0;
			knownRegions = (
				en,
				Base,
			);
			mainGroup = 6C9BAD092A5E3C0800309C20;
			packageReferences = (
				7FB87BDA2A6027F00035AA68 /* XCRemoteSwiftPackageReference "NukeUI" */,
			);
			productRefGroup = 6C9BAD132A5E3C0800309C20 /* Products */;
			projectDirPath = "";
			projectRoot = "";
			targets = (
				6C9BAD112A5E3C0800309C20 /* SSAFSound */,
				7FB87BCE2A6027910035AA68 /* SSAFSoundTests */,
			);
		};
/* End PBXProject section */

/* Begin PBXResourcesBuildPhase section */
		6C9BAD102A5E3C0800309C20 /* Resources */ = {
			isa = PBXResourcesBuildPhase;
			buildActionMask = 2147483647;
			files = (
				6C9BAD1D2A5E3C0900309C20 /* Preview Assets.xcassets in Resources */,
				6C9BAD1A2A5E3C0900309C20 /* Assets.xcassets in Resources */,
			);
			runOnlyForDeploymentPostprocessing = 0;
		};
		7FB87BCD2A6027910035AA68 /* Resources */ = {
			isa = PBXResourcesBuildPhase;
			buildActionMask = 2147483647;
			files = (
			);
			runOnlyForDeploymentPostprocessing = 0;
		};
/* End PBXResourcesBuildPhase section */

/* Begin PBXSourcesBuildPhase section */
		6C9BAD0E2A5E3C0800309C20 /* Sources */ = {
			isa = PBXSourcesBuildPhase;
			buildActionMask = 2147483647;
			files = (
				6C9BAD182A5E3C0800309C20 /* ContentView.swift in Sources */,
				6C9BAD162A5E3C0800309C20 /* SSAFSoundApp.swift in Sources */,
			);
			runOnlyForDeploymentPostprocessing = 0;
		};
		7FB87BCB2A6027910035AA68 /* Sources */ = {
			isa = PBXSourcesBuildPhase;
			buildActionMask = 2147483647;
			files = (
				7FB87BD22A6027910035AA68 /* SSAFSoundTests.swift in Sources */,
			);
			runOnlyForDeploymentPostprocessing = 0;
		};
/* End PBXSourcesBuildPhase section */

/* Begin PBXTargetDependency section */
		7FB87BD42A6027910035AA68 /* PBXTargetDependency */ = {
			isa = PBXTargetDependency;
			target = 6C9BAD112A5E3C0800309C20 /* SSAFSound */;
			targetProxy = 7FB87BD32A6027910035AA68 /* PBXContainerItemProxy */;
		};
/* End PBXTargetDependency section */

/* Begin XCBuildConfiguration section */
		6C9BAD1E2A5E3C0900309C20 /* Debug */ = {
			isa = XCBuildConfiguration;
			buildSettings = {
				ALWAYS_SEARCH_USER_PATHS = NO;
				CLANG_ANALYZER_NONNULL = YES;
				CLANG_ANALYZER_NUMBER_OBJECT_CONVERSION = YES_AGGRESSIVE;
				CLANG_CXX_LANGUAGE_STANDARD = "gnu++20";
				CLANG_ENABLE_MODULES = YES;
				CLANG_ENABLE_OBJC_ARC = YES;
				CLANG_ENABLE_OBJC_WEAK = YES;
				CLANG_WARN_BLOCK_CAPTURE_AUTORELEASING = YES;
				CLANG_WARN_BOOL_CONVERSION = YES;
				CLANG_WARN_COMMA = YES;
				CLANG_WARN_CONSTANT_CONVERSION = YES;
				CLANG_WARN_DEPRECATED_OBJC_IMPLEMENTATIONS = YES;
				CLANG_WARN_DIRECT_OBJC_ISA_USAGE = YES_ERROR;
				CLANG_WARN_DOCUMENTATION_COMMENTS = YES;
				CLANG_WARN_EMPTY_BODY = YES;
				CLANG_WARN_ENUM_CONVERSION = YES;
				CLANG_WARN_INFINITE_RECURSION = YES;
				CLANG_WARN_INT_CONVERSION = YES;
				CLANG_WARN_NON_LITERAL_NULL_CONVERSION = YES;
				CLANG_WARN_OBJC_IMPLICIT_RETAIN_SELF = YES;
				CLANG_WARN_OBJC_LITERAL_CONVERSION = YES;
				CLANG_WARN_OBJC_ROOT_CLASS = YES_ERROR;
				CLANG_WARN_QUOTED_INCLUDE_IN_FRAMEWORK_HEADER = YES;
				CLANG_WARN_RANGE_LOOP_ANALYSIS = YES;
				CLANG_WARN_STRICT_PROTOTYPES = YES;
				CLANG_WARN_SUSPICIOUS_MOVE = YES;
				CLANG_WARN_UNGUARDED_AVAILABILITY = YES_AGGRESSIVE;
				CLANG_WARN_UNREACHABLE_CODE = YES;
				CLANG_WARN__DUPLICATE_METHOD_MATCH = YES;
				COPY_PHASE_STRIP = NO;
				DEBUG_INFORMATION_FORMAT = dwarf;
				ENABLE_STRICT_OBJC_MSGSEND = YES;
				ENABLE_TESTABILITY = YES;
				GCC_C_LANGUAGE_STANDARD = gnu11;
				GCC_DYNAMIC_NO_PIC = NO;
				GCC_NO_COMMON_BLOCKS = YES;
				GCC_OPTIMIZATION_LEVEL = 0;
				GCC_PREPROCESSOR_DEFINITIONS = (
					"DEBUG=1",
					"$(inherited)",
				);
				GCC_WARN_64_TO_32_BIT_CONVERSION = YES;
				GCC_WARN_ABOUT_RETURN_TYPE = YES_ERROR;
				GCC_WARN_UNDECLARED_SELECTOR = YES;
				GCC_WARN_UNINITIALIZED_AUTOS = YES_AGGRESSIVE;
				GCC_WARN_UNUSED_FUNCTION = YES;
				GCC_WARN_UNUSED_VARIABLE = YES;
				IPHONEOS_DEPLOYMENT_TARGET = 16.2;
				MTL_ENABLE_DEBUG_INFO = INCLUDE_SOURCE;
				MTL_FAST_MATH = YES;
				ONLY_ACTIVE_ARCH = YES;
				SDKROOT = iphoneos;
				SWIFT_ACTIVE_COMPILATION_CONDITIONS = DEBUG;
				SWIFT_OPTIMIZATION_LEVEL = "-Onone";
			};
			name = Debug;
		};
		6C9BAD1F2A5E3C0900309C20 /* Release */ = {
			isa = XCBuildConfiguration;
			buildSettings = {
				ALWAYS_SEARCH_USER_PATHS = NO;
				CLANG_ANALYZER_NONNULL = YES;
				CLANG_ANALYZER_NUMBER_OBJECT_CONVERSION = YES_AGGRESSIVE;
				CLANG_CXX_LANGUAGE_STANDARD = "gnu++20";
				CLANG_ENABLE_MODULES = YES;
				CLANG_ENABLE_OBJC_ARC = YES;
				CLANG_ENABLE_OBJC_WEAK = YES;
				CLANG_WARN_BLOCK_CAPTURE_AUTORELEASING = YES;
				CLANG_WARN_BOOL_CONVERSION = YES;
				CLANG_WARN_COMMA = YES;
				CLANG_WARN_CONSTANT_CONVERSION = YES;
				CLANG_WARN_DEPRECATED_OBJC_IMPLEMENTATIONS = YES;
				CLANG_WARN_DIRECT_OBJC_ISA_USAGE = YES_ERROR;
				CLANG_WARN_DOCUMENTATION_COMMENTS = YES;
				CLANG_WARN_EMPTY_BODY = YES;
				CLANG_WARN_ENUM_CONVERSION = YES;
				CLANG_WARN_INFINITE_RECURSION = YES;
				CLANG_WARN_INT_CONVERSION = YES;
				CLANG_WARN_NON_LITERAL_NULL_CONVERSION = YES;
				CLANG_WARN_OBJC_IMPLICIT_RETAIN_SELF = YES;
				CLANG_WARN_OBJC_LITERAL_CONVERSION = YES;
				CLANG_WARN_OBJC_ROOT_CLASS = YES_ERROR;
				CLANG_WARN_QUOTED_INCLUDE_IN_FRAMEWORK_HEADER = YES;
				CLANG_WARN_RANGE_LOOP_ANALYSIS = YES;
				CLANG_WARN_STRICT_PROTOTYPES = YES;
				CLANG_WARN_SUSPICIOUS_MOVE = YES;
				CLANG_WARN_UNGUARDED_AVAILABILITY = YES_AGGRESSIVE;
				CLANG_WARN_UNREACHABLE_CODE = YES;
				CLANG_WARN__DUPLICATE_METHOD_MATCH = YES;
				COPY_PHASE_STRIP = NO;
				DEBUG_INFORMATION_FORMAT = "dwarf-with-dsym";
				ENABLE_NS_ASSERTIONS = NO;
				ENABLE_STRICT_OBJC_MSGSEND = YES;
				GCC_C_LANGUAGE_STANDARD = gnu11;
				GCC_NO_COMMON_BLOCKS = YES;
				GCC_WARN_64_TO_32_BIT_CONVERSION = YES;
				GCC_WARN_ABOUT_RETURN_TYPE = YES_ERROR;
				GCC_WARN_UNDECLARED_SELECTOR = YES;
				GCC_WARN_UNINITIALIZED_AUTOS = YES_AGGRESSIVE;
				GCC_WARN_UNUSED_FUNCTION = YES;
				GCC_WARN_UNUSED_VARIABLE = YES;
				IPHONEOS_DEPLOYMENT_TARGET = 16.2;
				MTL_ENABLE_DEBUG_INFO = NO;
				MTL_FAST_MATH = YES;
				SDKROOT = iphoneos;
				SWIFT_COMPILATION_MODE = wholemodule;
				SWIFT_OPTIMIZATION_LEVEL = "-O";
				VALIDATE_PRODUCT = YES;
			};
			name = Release;
		};
		6C9BAD212A5E3C0900309C20 /* Debug */ = {
			isa = XCBuildConfiguration;
			buildSettings = {
				ASSETCATALOG_COMPILER_APPICON_NAME = AppIcon;
				ASSETCATALOG_COMPILER_GLOBAL_ACCENT_COLOR_NAME = AccentColor;
				CODE_SIGN_STYLE = Automatic;
				CURRENT_PROJECT_VERSION = 1;
				DEVELOPMENT_ASSET_PATHS = "\"SSAFSound/Resources/Preview Content\"";
				DEVELOPMENT_TEAM = N94CS4N6VR;
				ENABLE_PREVIEWS = YES;
				GENERATE_INFOPLIST_FILE = YES;
				INFOPLIST_KEY_UIApplicationSceneManifest_Generation = YES;
				INFOPLIST_KEY_UIApplicationSupportsIndirectInputEvents = YES;
				INFOPLIST_KEY_UILaunchScreen_Generation = YES;
				INFOPLIST_KEY_UISupportedInterfaceOrientations_iPad = "UIInterfaceOrientationPortrait UIInterfaceOrientationPortraitUpsideDown UIInterfaceOrientationLandscapeLeft UIInterfaceOrientationLandscapeRight";
				INFOPLIST_KEY_UISupportedInterfaceOrientations_iPhone = "UIInterfaceOrientationPortrait UIInterfaceOrientationLandscapeLeft UIInterfaceOrientationLandscapeRight";
				LD_RUNPATH_SEARCH_PATHS = (
					"$(inherited)",
					"@executable_path/Frameworks",
				);
				MARKETING_VERSION = 1.0;
				PRODUCT_BUNDLE_IDENTIFIER = SSAFsori.SSAFSound;
				PRODUCT_NAME = "$(TARGET_NAME)";
				SUPPORTED_PLATFORMS = "iphoneos iphonesimulator";
				SUPPORTS_MACCATALYST = NO;
				SUPPORTS_MAC_DESIGNED_FOR_IPHONE_IPAD = NO;
				SWIFT_EMIT_LOC_STRINGS = YES;
				SWIFT_VERSION = 5.0;
				TARGETED_DEVICE_FAMILY = 1;
			};
			name = Debug;
		};
		6C9BAD222A5E3C0900309C20 /* Release */ = {
			isa = XCBuildConfiguration;
			buildSettings = {
				ASSETCATALOG_COMPILER_APPICON_NAME = AppIcon;
				ASSETCATALOG_COMPILER_GLOBAL_ACCENT_COLOR_NAME = AccentColor;
				CODE_SIGN_STYLE = Automatic;
				CURRENT_PROJECT_VERSION = 1;
				DEVELOPMENT_ASSET_PATHS = "\"SSAFSound/Resources/Preview Content\"";
				DEVELOPMENT_TEAM = N94CS4N6VR;
				ENABLE_PREVIEWS = YES;
				GENERATE_INFOPLIST_FILE = YES;
				INFOPLIST_KEY_UIApplicationSceneManifest_Generation = YES;
				INFOPLIST_KEY_UIApplicationSupportsIndirectInputEvents = YES;
				INFOPLIST_KEY_UILaunchScreen_Generation = YES;
				INFOPLIST_KEY_UISupportedInterfaceOrientations_iPad = "UIInterfaceOrientationPortrait UIInterfaceOrientationPortraitUpsideDown UIInterfaceOrientationLandscapeLeft UIInterfaceOrientationLandscapeRight";
				INFOPLIST_KEY_UISupportedInterfaceOrientations_iPhone = "UIInterfaceOrientationPortrait UIInterfaceOrientationLandscapeLeft UIInterfaceOrientationLandscapeRight";
				LD_RUNPATH_SEARCH_PATHS = (
					"$(inherited)",
					"@executable_path/Frameworks",
				);
				MARKETING_VERSION = 1.0;
				PRODUCT_BUNDLE_IDENTIFIER = SSAFsori.SSAFSound;
				PRODUCT_NAME = "$(TARGET_NAME)";
				SUPPORTED_PLATFORMS = "iphoneos iphonesimulator";
				SUPPORTS_MACCATALYST = NO;
				SUPPORTS_MAC_DESIGNED_FOR_IPHONE_IPAD = NO;
				SWIFT_EMIT_LOC_STRINGS = YES;
				SWIFT_VERSION = 5.0;
				TARGETED_DEVICE_FAMILY = 1;
			};
			name = Release;
		};
		7FB87BD62A6027910035AA68 /* Debug */ = {
			isa = XCBuildConfiguration;
			buildSettings = {
				BUNDLE_LOADER = "$(TEST_HOST)";
				CODE_SIGN_STYLE = Automatic;
				CURRENT_PROJECT_VERSION = 1;
				DEVELOPMENT_TEAM = N94CS4N6VR;
				GENERATE_INFOPLIST_FILE = YES;
				IPHONEOS_DEPLOYMENT_TARGET = 16.4;
				MARKETING_VERSION = 1.0;
				PRODUCT_BUNDLE_IDENTIFIER = com.ssaf.SSAFSoundTests;
				PRODUCT_NAME = "$(TARGET_NAME)";
				SUPPORTED_PLATFORMS = "iphoneos iphonesimulator";
				SUPPORTS_MACCATALYST = NO;
				SUPPORTS_MAC_DESIGNED_FOR_IPHONE_IPAD = NO;
				SWIFT_EMIT_LOC_STRINGS = NO;
				SWIFT_VERSION = 5.0;
				TARGETED_DEVICE_FAMILY = 1;
				TEST_HOST = "$(BUILT_PRODUCTS_DIR)/SSAFSound.app/$(BUNDLE_EXECUTABLE_FOLDER_PATH)/SSAFSound";
			};
			name = Debug;
		};
		7FB87BD72A6027910035AA68 /* Release */ = {
			isa = XCBuildConfiguration;
			buildSettings = {
				BUNDLE_LOADER = "$(TEST_HOST)";
				CODE_SIGN_STYLE = Automatic;
				CURRENT_PROJECT_VERSION = 1;
				DEVELOPMENT_TEAM = N94CS4N6VR;
				GENERATE_INFOPLIST_FILE = YES;
				IPHONEOS_DEPLOYMENT_TARGET = 16.4;
				MARKETING_VERSION = 1.0;
				PRODUCT_BUNDLE_IDENTIFIER = com.ssaf.SSAFSoundTests;
				PRODUCT_NAME = "$(TARGET_NAME)";
				SUPPORTED_PLATFORMS = "iphoneos iphonesimulator";
				SUPPORTS_MACCATALYST = NO;
				SUPPORTS_MAC_DESIGNED_FOR_IPHONE_IPAD = NO;
				SWIFT_EMIT_LOC_STRINGS = NO;
				SWIFT_VERSION = 5.0;
				TARGETED_DEVICE_FAMILY = 1;
				TEST_HOST = "$(BUILT_PRODUCTS_DIR)/SSAFSound.app/$(BUNDLE_EXECUTABLE_FOLDER_PATH)/SSAFSound";
			};
			name = Release;
		};
/* End XCBuildConfiguration section */

/* Begin XCConfigurationList section */
		6C9BAD0D2A5E3C0800309C20 /* Build configuration list for PBXProject "SSAFSound" */ = {
			isa = XCConfigurationList;
			buildConfigurations = (
				6C9BAD1E2A5E3C0900309C20 /* Debug */,
				6C9BAD1F2A5E3C0900309C20 /* Release */,
			);
			defaultConfigurationIsVisible = 0;
			defaultConfigurationName = Release;
		};
		6C9BAD202A5E3C0900309C20 /* Build configuration list for PBXNativeTarget "SSAFSound" */ = {
			isa = XCConfigurationList;
			buildConfigurations = (
				6C9BAD212A5E3C0900309C20 /* Debug */,
				6C9BAD222A5E3C0900309C20 /* Release */,
			);
			defaultConfigurationIsVisible = 0;
			defaultConfigurationName = Release;
		};
		7FB87BD52A6027910035AA68 /* Build configuration list for PBXNativeTarget "SSAFSoundTests" */ = {
			isa = XCConfigurationList;
			buildConfigurations = (
				7FB87BD62A6027910035AA68 /* Debug */,
				7FB87BD72A6027910035AA68 /* Release */,
			);
			defaultConfigurationIsVisible = 0;
			defaultConfigurationName = Release;
		};
/* End XCConfigurationList section */

/* Begin XCRemoteSwiftPackageReference section */
		7FB87BDA2A6027F00035AA68 /* XCRemoteSwiftPackageReference "NukeUI" */ = {
			isa = XCRemoteSwiftPackageReference;
			repositoryURL = "https://github.com/kean/NukeUI.git";
			requirement = {
				kind = upToNextMinorVersion;
				minimumVersion = 0.8.3;
			};
		};
/* End XCRemoteSwiftPackageReference section */

/* Begin XCSwiftPackageProductDependency section */
		7FB87BDB2A6027F00035AA68 /* NukeUI */ = {
			isa = XCSwiftPackageProductDependency;
			package = 7FB87BDA2A6027F00035AA68 /* XCRemoteSwiftPackageReference "NukeUI" */;
			productName = NukeUI;
		};
/* End XCSwiftPackageProductDependency section */
	};
	rootObject = 6C9BAD0A2A5E3C0800309C20 /* Project object */;
}
